
Microsoft Visual Studio Solution File, Format Version 12.00
# Visual Studio Version 17
VisualStudioVersion = 17.14.36202.13
MinimumVisualStudioVersion = 10.0.40219.1
Project("{FAE04EC0-301F-11D3-BF4B-00C04F79EFBC}") = "ManufacturingOptimization.Console", "ManufacturingOptimization.Console\ManufacturingOptimization.Console.csproj", "{C9824498-56EB-4C41-A4E8-5B622C87379D}"
EndProject
Project("{FAE04EC0-301F-11D3-BF4B-00C04F79EFBC}") = "ManufacturingOptimization.Gateway", "ManufacturingOptimization.Gateway\ManufacturingOptimization.Gateway.csproj", "{DCFBAD8B-94BA-4E07-90A7-04BADF55D4F2}"
EndProject
Project("{FAE04EC0-301F-11D3-BF4B-00C04F79EFBC}") = "ManufacturingOptimization.ProviderRegistry", "ManufacturingOptimization.ProviderRegistry\ManufacturingOptimization.ProviderRegistry.csproj", "{509A83FD-B0D3-483D-ADF6-02723A59BEF6}"
EndProject
Project("{FAE04EC0-301F-11D3-BF4B-00C04F79EFBC}") = "ManufacturingOptimization.Engine", "ManufacturingOptimization.Engine\ManufacturingOptimization.Engine.csproj", "{0E15062B-4784-4B32-B71C-9AC934B06563}"
EndProject
Project("{FAE04EC0-301F-11D3-BF4B-00C04F79EFBC}") = "ManufacturingOptimization.Common.Messaging", "ManufacturingOptimization.Common.Messaging\ManufacturingOptimization.Common.Messaging.csproj", "{1B50DE46-FC18-4298-9115-C7FA3941F76F}"
EndProject
Project("{FAE04EC0-301F-11D3-BF4B-00C04F79EFBC}") = "ManufacturingOptimization.Common.Models", "ManufacturingOptimization.Common.Models\ManufacturingOptimization.Common.Models.csproj", "{E72A3216-8C09-4710-B079-4FA1BA132F29}"
EndProject
Project("{FAE04EC0-301F-11D3-BF4B-00C04F79EFBC}") = "ManufacturingOptimization.ProviderSimulator", "ManufacturingOptimization.ProviderSimulator\ManufacturingOptimization.ProviderSimulator.csproj", "{6DEBBCA4-2888-443A-9755-1289F564A4D5}"
EndProject
Project("{E53339B2-1760-4266-BCC7-CA923CBCF16C}") = "docker-compose", "docker-compose.dcproj", "{9A8C5F7E-3B2D-4E1A-9C8F-7D6E5A4B3C2D}"
EndProject
Global
	GlobalSection(SolutionConfigurationPlatforms) = preSolution
		Debug|Any CPU = Debug|Any CPU
		Release|Any CPU = Release|Any CPU
	EndGlobalSection
	GlobalSection(ProjectConfigurationPlatforms) = postSolution
		{C9824498-56EB-4C41-A4E8-5B622C87379D}.Debug|Any CPU.ActiveCfg = Debug|Any CPU
		{C9824498-56EB-4C41-A4E8-5B622C87379D}.Debug|Any CPU.Build.0 = Debug|Any CPU
		{C9824498-56EB-4C41-A4E8-5B622C87379D}.Release|Any CPU.ActiveCfg = Release|Any CPU
		{C9824498-56EB-4C41-A4E8-5B622C87379D}.Release|Any CPU.Build.0 = Release|Any CPU
		{DCFBAD8B-94BA-4E07-90A7-04BADF55D4F2}.Debug|Any CPU.ActiveCfg = Debug|Any CPU
		{DCFBAD8B-94BA-4E07-90A7-04BADF55D4F2}.Debug|Any CPU.Build.0 = Debug|Any CPU
		{DCFBAD8B-94BA-4E07-90A7-04BADF55D4F2}.Release|Any CPU.ActiveCfg = Release|Any CPU
		{DCFBAD8B-94BA-4E07-90A7-04BADF55D4F2}.Release|Any CPU.Build.0 = Release|Any CPU
		{509A83FD-B0D3-483D-ADF6-02723A59BEF6}.Debug|Any CPU.ActiveCfg = Debug|Any CPU
		{509A83FD-B0D3-483D-ADF6-02723A59BEF6}.Debug|Any CPU.Build.0 = Debug|Any CPU
		{509A83FD-B0D3-483D-ADF6-02723A59BEF6}.Release|Any CPU.ActiveCfg = Release|Any CPU
		{509A83FD-B0D3-483D-ADF6-02723A59BEF6}.Release|Any CPU.Build.0 = Release|Any CPU
		{0E15062B-4784-4B32-B71C-9AC934B06563}.Debug|Any CPU.ActiveCfg = Debug|Any CPU
		{0E15062B-4784-4B32-B71C-9AC934B06563}.Debug|Any CPU.Build.0 = Debug|Any CPU
		{0E15062B-4784-4B32-B71C-9AC934B06563}.Release|Any CPU.ActiveCfg = Release|Any CPU
		{0E15062B-4784-4B32-B71C-9AC934B06563}.Release|Any CPU.Build.0 = Release|Any CPU
		{1B50DE46-FC18-4298-9115-C7FA3941F76F}.Debug|Any CPU.ActiveCfg = Debug|Any CPU
		{1B50DE46-FC18-4298-9115-C7FA3941F76F}.Debug|Any CPU.Build.0 = Debug|Any CPU
		{1B50DE46-FC18-4298-9115-C7FA3941F76F}.Release|Any CPU.ActiveCfg = Release|Any CPU
		{1B50DE46-FC18-4298-9115-C7FA3941F76F}.Release|Any CPU.Build.0 = Release|Any CPU
		{E72A3216-8C09-4710-B079-4FA1BA132F29}.Debug|Any CPU.ActiveCfg = Debug|Any CPU
		{E72A3216-8C09-4710-B079-4FA1BA132F29}.Debug|Any CPU.Build.0 = Debug|Any CPU
		{E72A3216-8C09-4710-B079-4FA1BA132F29}.Release|Any CPU.ActiveCfg = Release|Any CPU
		{E72A3216-8C09-4710-B079-4FA1BA132F29}.Release|Any CPU.Build.0 = Release|Any CPU
		{6DEBBCA4-2888-443A-9755-1289F564A4D5}.Debug|Any CPU.ActiveCfg = Debug|Any CPU
		{6DEBBCA4-2888-443A-9755-1289F564A4D5}.Debug|Any CPU.Build.0 = Debug|Any CPU
		{6DEBBCA4-2888-443A-9755-1289F564A4D5}.Release|Any CPU.ActiveCfg = Release|Any CPU
		{6DEBBCA4-2888-443A-9755-1289F564A4D5}.Release|Any CPU.Build.0 = Release|Any CPU
		{9A8C5F7E-3B2D-4E1A-9C8F-7D6E5A4B3C2D}.Debug|Any CPU.ActiveCfg = Debug|Any CPU
		{9A8C5F7E-3B2D-4E1A-9C8F-7D6E5A4B3C2D}.Debug|Any CPU.Build.0 = Debug|Any CPU
		{9A8C5F7E-3B2D-4E1A-9C8F-7D6E5A4B3C2D}.Release|Any CPU.ActiveCfg = Release|Any CPU
		{9A8C5F7E-3B2D-4E1A-9C8F-7D6E5A4B3C2D}.Release|Any CPU.Build.0 = Release|Any CPU
	EndGlobalSection
	GlobalSection(SolutionProperties) = preSolution
		HideSolutionNode = FALSE
	EndGlobalSection
	GlobalSection(ExtensibilityGlobals) = postSolution
		SolutionGuid = {9CABBDA3-B170-45F2-9DB6-246D6D11A395}
	EndGlobalSection
EndGlobal
